
Microsoft Visual Studio Solution File, Format Version 12.00
# Visual Studio 2013
VisualStudioVersion = 12.0.21005.1
MinimumVisualStudioVersion = 10.0.40219.1
Project("{FAE04EC0-301F-11D3-BF4B-00C04F79EFBC}") = "CypherBox", "CypherBox\CypherBox.csproj", "{8878BE7F-5892-4A23-91F5-016A1D998674}"
EndProject
Project("{FAE04EC0-301F-11D3-BF4B-00C04F79EFBC}") = "CypherBox.Tests", "CypherBox.Tests\CypherBox.Tests.csproj", "{094FFEEE-C268-42C6-836A-E0ACB3ED458E}"
EndProject
Project("{FAE04EC0-301F-11D3-BF4B-00C04F79EFBC}") = "encryptionBusinessLayer", "encryptionBusinessLayer\encryptionBusinessLayer.csproj", "{FB9D78FA-A555-40CD-B0E8-895F1E26586A}"
EndProject
Project("{FAE04EC0-301F-11D3-BF4B-00C04F79EFBC}") = "cypherBoxDataLayer", "cypherBoxDataLayer\cypherBoxDataLayer.csproj", "{0B625ABC-EAEB-41A3-AC30-CFC937897AF6}"
EndProject
Global
	GlobalSection(SolutionConfigurationPlatforms) = preSolution
		Debug|Any CPU = Debug|Any CPU
		Release|Any CPU = Release|Any CPU
	EndGlobalSection
	GlobalSection(ProjectConfigurationPlatforms) = postSolution
		{8878BE7F-5892-4A23-91F5-016A1D998674}.Debug|Any CPU.ActiveCfg = Debug|Any CPU
		{8878BE7F-5892-4A23-91F5-016A1D998674}.Debug|Any CPU.Build.0 = Debug|Any CPU
		{8878BE7F-5892-4A23-91F5-016A1D998674}.Release|Any CPU.ActiveCfg = Release|Any CPU
		{8878BE7F-5892-4A23-91F5-016A1D998674}.Release|Any CPU.Build.0 = Release|Any CPU
		{094FFEEE-C268-42C6-836A-E0ACB3ED458E}.Debug|Any CPU.ActiveCfg = Debug|Any CPU
		{094FFEEE-C268-42C6-836A-E0ACB3ED458E}.Debug|Any CPU.Build.0 = Debug|Any CPU
		{094FFEEE-C268-42C6-836A-E0ACB3ED458E}.Release|Any CPU.ActiveCfg = Release|Any CPU
		{094FFEEE-C268-42C6-836A-E0ACB3ED458E}.Release|Any CPU.Build.0 = Release|Any CPU
		{FB9D78FA-A555-40CD-B0E8-895F1E26586A}.Debug|Any CPU.ActiveCfg = Debug|Any CPU
		{FB9D78FA-A555-40CD-B0E8-895F1E26586A}.Debug|Any CPU.Build.0 = Debug|Any CPU
		{FB9D78FA-A555-40CD-B0E8-895F1E26586A}.Release|Any CPU.ActiveCfg = Release|Any CPU
		{FB9D78FA-A555-40CD-B0E8-895F1E26586A}.Release|Any CPU.Build.0 = Release|Any CPU
		{0B625ABC-EAEB-41A3-AC30-CFC937897AF6}.Debug|Any CPU.ActiveCfg = Debug|Any CPU
		{0B625ABC-EAEB-41A3-AC30-CFC937897AF6}.Debug|Any CPU.Build.0 = Debug|Any CPU
		{0B625ABC-EAEB-41A3-AC30-CFC937897AF6}.Release|Any CPU.ActiveCfg = Release|Any CPU
		{0B625ABC-EAEB-41A3-AC30-CFC937897AF6}.Release|Any CPU.Build.0 = Release|Any CPU
	EndGlobalSection
	GlobalSection(SolutionProperties) = preSolution
		HideSolutionNode = FALSE
	EndGlobalSection
EndGlobal
